
Microsoft Visual Studio Solution File, Format Version 12.00
# Visual Studio Version 17
VisualStudioVersion = 17.9.34728.123
MinimumVisualStudioVersion = 10.0.40219.1
Project("{9A19103F-16F7-4668-BE54-9A1E7A4F7556}") = "UsersWebApi_Module3", "UsersWebApi_Module3\UsersWebApi_Module3.csproj", "{05232368-DF59-4787-A0BC-856564774771}"
EndProject
Project("{FAE04EC0-301F-11D3-BF4B-00C04F79EFBC}") = "UsersWebApiTest_Module3", "UsersWebApiTest_Module3\UsersWebApiTest_Module3.csproj", "{64602897-DC13-419E-B58F-62EB057410C2}"
EndProject
Global
	GlobalSection(SolutionConfigurationPlatforms) = preSolution
		Debug|Any CPU = Debug|Any CPU
		Release|Any CPU = Release|Any CPU
	EndGlobalSection
	GlobalSection(ProjectConfigurationPlatforms) = postSolution
		{05232368-DF59-4787-A0BC-856564774771}.Debug|Any CPU.ActiveCfg = Debug|Any CPU
		{05232368-DF59-4787-A0BC-856564774771}.Debug|Any CPU.Build.0 = Debug|Any CPU
		{05232368-DF59-4787-A0BC-856564774771}.Release|Any CPU.ActiveCfg = Release|Any CPU
		{05232368-DF59-4787-A0BC-856564774771}.Release|Any CPU.Build.0 = Release|Any CPU
		{64602897-DC13-419E-B58F-62EB057410C2}.Debug|Any CPU.ActiveCfg = Debug|Any CPU
		{64602897-DC13-419E-B58F-62EB057410C2}.Debug|Any CPU.Build.0 = Debug|Any CPU
		{64602897-DC13-419E-B58F-62EB057410C2}.Release|Any CPU.ActiveCfg = Release|Any CPU
		{64602897-DC13-419E-B58F-62EB057410C2}.Release|Any CPU.Build.0 = Release|Any CPU
	EndGlobalSection
	GlobalSection(SolutionProperties) = preSolution
		HideSolutionNode = FALSE
	EndGlobalSection
	GlobalSection(ExtensibilityGlobals) = postSolution
		SolutionGuid = {FC329198-E4F2-4319-8045-B36623F4CA4E}
	EndGlobalSection
EndGlobal
